
Microsoft Visual Studio Solution File, Format Version 12.00
# Visual Studio Version 17
VisualStudioVersion = 17.1.32407.343
MinimumVisualStudioVersion = 10.0.40219.1
Project("{FAE04EC0-301F-11D3-BF4B-00C04F79EFBC}") = "Casino Dice Roller", "Casino Dice Roller\Casino Dice Roller.csproj", "{4A7A218F-5921-4E95-9733-A41813205A09}"
EndProject
Global
	GlobalSection(SolutionConfigurationPlatforms) = preSolution
		Debug|Any CPU = Debug|Any CPU
		Release|Any CPU = Release|Any CPU
	EndGlobalSection
	GlobalSection(ProjectConfigurationPlatforms) = postSolution
		{4A7A218F-5921-4E95-9733-A41813205A09}.Debug|Any CPU.ActiveCfg = Debug|Any CPU
		{4A7A218F-5921-4E95-9733-A41813205A09}.Debug|Any CPU.Build.0 = Debug|Any CPU
		{4A7A218F-5921-4E95-9733-A41813205A09}.Release|Any CPU.ActiveCfg = Release|Any CPU
		{4A7A218F-5921-4E95-9733-A41813205A09}.Release|Any CPU.Build.0 = Release|Any CPU
	EndGlobalSection
	GlobalSection(SolutionProperties) = preSolution
		HideSolutionNode = FALSE
	EndGlobalSection
	GlobalSection(ExtensibilityGlobals) = postSolution
		SolutionGuid = {FBAA0C8B-A95F-4DAF-A741-10A620674D4A}
	EndGlobalSection
EndGlobal
